
Microsoft Visual Studio Solution File, Format Version 12.00
# Visual Studio Version 17
VisualStudioVersion = 17.6.33829.357
MinimumVisualStudioVersion = 10.0.40219.1
Project("{FAE04EC0-301F-11D3-BF4B-00C04F79EFBC}") = "PixelateImg", "PixelateImg\PixelateImg.csproj", "{90EB180E-4BB7-4248-8890-A04EA347F2BC}"
EndProject
Global
	GlobalSection(SolutionConfigurationPlatforms) = preSolution
		Debug|Any CPU = Debug|Any CPU
		Release|Any CPU = Release|Any CPU
	EndGlobalSection
	GlobalSection(ProjectConfigurationPlatforms) = postSolution
		{90EB180E-4BB7-4248-8890-A04EA347F2BC}.Debug|Any CPU.ActiveCfg = Debug|Any CPU
		{90EB180E-4BB7-4248-8890-A04EA347F2BC}.Debug|Any CPU.Build.0 = Debug|Any CPU
		{90EB180E-4BB7-4248-8890-A04EA347F2BC}.Release|Any CPU.ActiveCfg = Release|Any CPU
		{90EB180E-4BB7-4248-8890-A04EA347F2BC}.Release|Any CPU.Build.0 = Release|Any CPU
	EndGlobalSection
	GlobalSection(SolutionProperties) = preSolution
		HideSolutionNode = FALSE
	EndGlobalSection
	GlobalSection(ExtensibilityGlobals) = postSolution
		SolutionGuid = {3614D619-47C3-4658-8198-EA0CBCA4C820}
	EndGlobalSection
EndGlobal
